
Microsoft Visual Studio Solution File, Format Version 12.00
# Visual Studio Version 16
VisualStudioVersion = 16.0.28803.156
MinimumVisualStudioVersion = 10.0.40219.1
Project("{FAE04EC0-301F-11D3-BF4B-00C04F79EFBC}") = "Introduction-to-Algorithms", "Introduction-to-Algorithms\Introduction-to-Algorithms.csproj", "{3CBC5B98-BBE6-489B-92E4-ACCBBCE7ACBC}"
EndProject
Project("{FAE04EC0-301F-11D3-BF4B-00C04F79EFBC}") = "Test", "Test\Test.csproj", "{556A57A2-A2BD-4BAB-8F5A-C08E9A4BBFD1}"
EndProject
Global
	GlobalSection(SolutionConfigurationPlatforms) = preSolution
		Debug|Any CPU = Debug|Any CPU
		Release|Any CPU = Release|Any CPU
	EndGlobalSection
	GlobalSection(ProjectConfigurationPlatforms) = postSolution
		{3CBC5B98-BBE6-489B-92E4-ACCBBCE7ACBC}.Debug|Any CPU.ActiveCfg = Debug|Any CPU
		{3CBC5B98-BBE6-489B-92E4-ACCBBCE7ACBC}.Debug|Any CPU.Build.0 = Debug|Any CPU
		{3CBC5B98-BBE6-489B-92E4-ACCBBCE7ACBC}.Release|Any CPU.ActiveCfg = Release|Any CPU
		{3CBC5B98-BBE6-489B-92E4-ACCBBCE7ACBC}.Release|Any CPU.Build.0 = Release|Any CPU
		{556A57A2-A2BD-4BAB-8F5A-C08E9A4BBFD1}.Debug|Any CPU.ActiveCfg = Debug|Any CPU
		{556A57A2-A2BD-4BAB-8F5A-C08E9A4BBFD1}.Debug|Any CPU.Build.0 = Debug|Any CPU
		{556A57A2-A2BD-4BAB-8F5A-C08E9A4BBFD1}.Release|Any CPU.ActiveCfg = Release|Any CPU
		{556A57A2-A2BD-4BAB-8F5A-C08E9A4BBFD1}.Release|Any CPU.Build.0 = Release|Any CPU
	EndGlobalSection
	GlobalSection(SolutionProperties) = preSolution
		HideSolutionNode = FALSE
	EndGlobalSection
	GlobalSection(ExtensibilityGlobals) = postSolution
		SolutionGuid = {D8055130-CB04-4BFE-BC0D-E7BC9D05B231}
	EndGlobalSection
EndGlobal
